// !$*UTF8*$!
{
	archiveVersion = 1;
	classes = {
	};
	objectVersion = 50;
	objects = {

/* Begin PBXBuildFile section */
		183A8E8D216873B200AFA437 /* AppDelegate.swift in Sources */ = {isa = PBXBuildFile; fileRef = 183A8E8C216873B200AFA437 /* AppDelegate.swift */; };
		183A8E8F216873B200AFA437 /* ViewController.swift in Sources */ = {isa = PBXBuildFile; fileRef = 183A8E8E216873B200AFA437 /* ViewController.swift */; };
		183A8E92216873B200AFA437 /* Main.storyboard in Resources */ = {isa = PBXBuildFile; fileRef = 183A8E90216873B200AFA437 /* Main.storyboard */; };
		183A8E95216873B200AFA437 /* DownloadImageFromURL.xcdatamodeld in Sources */ = {isa = PBXBuildFile; fileRef = 183A8E93216873B200AFA437 /* DownloadImageFromURL.xcdatamodeld */; };
		183A8E97216873B400AFA437 /* Assets.xcassets in Resources */ = {isa = PBXBuildFile; fileRef = 183A8E96216873B400AFA437 /* Assets.xcassets */; };
		183A8E9A216873B400AFA437 /* LaunchScreen.storyboard in Resources */ = {isa = PBXBuildFile; fileRef = 183A8E98216873B400AFA437 /* LaunchScreen.storyboard */; };
		183A8EA5216873B400AFA437 /* DownloadImageFromURLTests.swift in Sources */ = {isa = PBXBuildFile; fileRef = 183A8EA4216873B400AFA437 /* DownloadImageFromURLTests.swift */; };
		183A8EB0216873B400AFA437 /* DownloadImageFromURLUITests.swift in Sources */ = {isa = PBXBuildFile; fileRef = 183A8EAF216873B400AFA437 /* DownloadImageFromURLUITests.swift */; };
/* End PBXBuildFile section */

/* Begin PBXContainerItemProxy section */
		183A8EA1216873B400AFA437 /* PBXContainerItemProxy */ = {
			isa = PBXContainerItemProxy;
			containerPortal = 183A8E81216873B200AFA437 /* Project object */;
			proxyType = 1;
			remoteGlobalIDString = 183A8E88216873B200AFA437;
			remoteInfo = DownloadImageFromURL;
		};
		183A8EAC216873B400AFA437 /* PBXContainerItemProxy */ = {
			isa = PBXContainerItemProxy;
			containerPortal = 183A8E81216873B200AFA437 /* Project object */;
			proxyType = 1;
			remoteGlobalIDString = 183A8E88216873B200AFA437;
			remoteInfo = DownloadImageFromURL;
		};
/* End PBXContainerItemProxy section */

/* Begin PBXFileReference section */
		183A8E89216873B200AFA437 /* DownloadImageFromURL.app */ = {isa = PBXFileReference; explicitFileType = wrapper.application; includeInIndex = 0; path = DownloadImageFromURL.app; sourceTree = BUILT_PRODUCTS_DIR; };
		183A8E8C216873B200AFA437 /* AppDelegate.swift */ = {isa = PBXFileReference; lastKnownFileType = sourcecode.swift; path = AppDelegate.swift; sourceTree = "<group>"; };
		183A8E8E216873B200AFA437 /* ViewController.swift */ = {isa = PBXFileReference; lastKnownFileType = sourcecode.swift; path = ViewController.swift; sourceTree = "<group>"; };
		183A8E91216873B200AFA437 /* Base */ = {isa = PBXFileReference; lastKnownFileType = file.storyboard; name = Base; path = Base.lproj/Main.storyboard; sourceTree = "<group>"; };
		183A8E94216873B200AFA437 /* DownloadImageFromURL.xcdatamodel */ = {isa = PBXFileReference; lastKnownFileType = wrapper.xcdatamodel; path = DownloadImageFromURL.xcdatamodel; sourceTree = "<group>"; };
		183A8E96216873B400AFA437 /* Assets.xcassets */ = {isa = PBXFileReference; lastKnownFileType = folder.assetcatalog; path = Assets.xcassets; sourceTree = "<group>"; };
		183A8E99216873B400AFA437 /* Base */ = {isa = PBXFileReference; lastKnownFileType = file.storyboard; name = Base; path = Base.lproj/LaunchScreen.storyboard; sourceTree = "<group>"; };
		183A8E9B216873B400AFA437 /* Info.plist */ = {isa = PBXFileReference; lastKnownFileType = text.plist.xml; path = Info.plist; sourceTree = "<group>"; };
		183A8EA0216873B400AFA437 /* DownloadImageFromURLTests.xctest */ = {isa = PBXFileReference; explicitFileType = wrapper.cfbundle; includeInIndex = 0; path = DownloadImageFromURLTests.xctest; sourceTree = BUILT_PRODUCTS_DIR; };
		183A8EA4216873B400AFA437 /* DownloadImageFromURLTests.swift */ = {isa = PBXFileReference; lastKnownFileType = sourcecode.swift; path = DownloadImageFromURLTests.swift; sourceTree = "<group>"; };
		183A8EA6216873B400AFA437 /* Info.plist */ = {isa = PBXFileReference; lastKnownFileType = text.plist.xml; path = Info.plist; sourceTree = "<group>"; };
		183A8EAB216873B400AFA437 /* DownloadImageFromURLUITests.xctest */ = {isa = PBXFileReference; explicitFileType = wrapper.cfbundle; includeInIndex = 0; path = DownloadImageFromURLUITests.xctest; sourceTree = BUILT_PRODUCTS_DIR; };
		183A8EAF216873B400AFA437 /* DownloadImageFromURLUITests.swift */ = {isa = PBXFileReference; lastKnownFileType = sourcecode.swift; path = DownloadImageFromURLUITests.swift; sourceTree = "<group>"; };
		183A8EB1216873B400AFA437 /* Info.plist */ = {isa = PBXFileReference; lastKnownFileType = text.plist.xml; path = Info.plist; sourceTree = "<group>"; };
/* End PBXFileReference section */

/* Begin PBXFrameworksBuildPhase section */
		183A8E86216873B200AFA437 /* Frameworks */ = {
			isa = PBXFrameworksBuildPhase;
			buildActionMask = 2147483647;
			files = (
			);
			runOnlyForDeploymentPostprocessing = 0;
		};
		183A8E9D216873B400AFA437 /* Frameworks */ = {
			isa = PBXFrameworksBuildPhase;
			buildActionMask = 2147483647;
			files = (
			);
			runOnlyForDeploymentPostprocessing = 0;
		};
		183A8EA8216873B400AFA437 /* Frameworks */ = {
			isa = PBXFrameworksBuildPhase;
			buildActionMask = 2147483647;
			files = (
			);
			runOnlyForDeploymentPostprocessing = 0;
		};
/* End PBXFrameworksBuildPhase section */

/* Begin PBXGroup section */
		183A8E80216873B200AFA437 = {
			isa = PBXGroup;
			children = (
				183A8E8B216873B200AFA437 /* DownloadImageFromURL */,
				183A8EA3216873B400AFA437 /* DownloadImageFromURLTests */,
				183A8EAE216873B400AFA437 /* DownloadImageFromURLUITests */,
				183A8E8A216873B200AFA437 /* Products */,
			);
			sourceTree = "<group>";
		};
		183A8E8A216873B200AFA437 /* Products */ = {
			isa = PBXGroup;
			children = (
				183A8E89216873B200AFA437 /* DownloadImageFromURL.app */,
				183A8EA0216873B400AFA437 /* DownloadImageFromURLTests.xctest */,
				183A8EAB216873B400AFA437 /* DownloadImageFromURLUITests.xctest */,
			);
			name = Products;
			sourceTree = "<group>";
		};
		183A8E8B216873B200AFA437 /* DownloadImageFromURL */ = {
			isa = PBXGroup;
			children = (
				183A8E8C216873B200AFA437 /* AppDelegate.swift */,
				183A8E8E216873B200AFA437 /* ViewController.swift */,
				183A8E90216873B200AFA437 /* Main.storyboard */,
				183A8E96216873B400AFA437 /* Assets.xcassets */,
				183A8E98216873B400AFA437 /* LaunchScreen.storyboard */,
				183A8E9B216873B400AFA437 /* Info.plist */,
				183A8E93216873B200AFA437 /* DownloadImageFromURL.xcdatamodeld */,
			);
			path = DownloadImageFromURL;
			sourceTree = "<group>";
		};
		183A8EA3216873B400AFA437 /* DownloadImageFromURLTests */ = {
			isa = PBXGroup;
			children = (
				183A8EA4216873B400AFA437 /* DownloadImageFromURLTests.swift */,
				183A8EA6216873B400AFA437 /* Info.plist */,
			);
			path = DownloadImageFromURLTests;
			sourceTree = "<group>";
		};
		183A8EAE216873B400AFA437 /* DownloadImageFromURLUITests */ = {
			isa = PBXGroup;
			children = (
				183A8EAF216873B400AFA437 /* DownloadImageFromURLUITests.swift */,
				183A8EB1216873B400AFA437 /* Info.plist */,
			);
			path = DownloadImageFromURLUITests;
			sourceTree = "<group>";
		};
/* End PBXGroup section */

/* Begin PBXNativeTarget section */
		183A8E88216873B200AFA437 /* DownloadImageFromURL */ = {
			isa = PBXNativeTarget;
			buildConfigurationList = 183A8EB4216873B400AFA437 /* Build configuration list for PBXNativeTarget "DownloadImageFromURL" */;
			buildPhases = (
				183A8E85216873B200AFA437 /* Sources */,
				183A8E86216873B200AFA437 /* Frameworks */,
				183A8E87216873B200AFA437 /* Resources */,
			);
			buildRules = (
			);
			dependencies = (
			);
			name = DownloadImageFromURL;
			productName = DownloadImageFromURL;
			productReference = 183A8E89216873B200AFA437 /* DownloadImageFromURL.app */;
			productType = "com.apple.product-type.application";
		};
		183A8E9F216873B400AFA437 /* DownloadImageFromURLTests */ = {
			isa = PBXNativeTarget;
			buildConfigurationList = 183A8EB7216873B400AFA437 /* Build configuration list for PBXNativeTarget "DownloadImageFromURLTests" */;
			buildPhases = (
				183A8E9C216873B400AFA437 /* Sources */,
				183A8E9D216873B400AFA437 /* Frameworks */,
				183A8E9E216873B400AFA437 /* Resources */,
			);
			buildRules = (
			);
			dependencies = (
				183A8EA2216873B400AFA437 /* PBXTargetDependency */,
			);
			name = DownloadImageFromURLTests;
			productName = DownloadImageFromURLTests;
			productReference = 183A8EA0216873B400AFA437 /* DownloadImageFromURLTests.xctest */;
			productType = "com.apple.product-type.bundle.unit-test";
		};
		183A8EAA216873B400AFA437 /* DownloadImageFromURLUITests */ = {
			isa = PBXNativeTarget;
			buildConfigurationList = 183A8EBA216873B400AFA437 /* Build configuration list for PBXNativeTarget "DownloadImageFromURLUITests" */;
			buildPhases = (
				183A8EA7216873B400AFA437 /* Sources */,
				183A8EA8216873B400AFA437 /* Frameworks */,
				183A8EA9216873B400AFA437 /* Resources */,
			);
			buildRules = (
			);
			dependencies = (
				183A8EAD216873B400AFA437 /* PBXTargetDependency */,
			);
			name = DownloadImageFromURLUITests;
			productName = DownloadImageFromURLUITests;
			productReference = 183A8EAB216873B400AFA437 /* DownloadImageFromURLUITests.xctest */;
			productType = "com.apple.product-type.bundle.ui-testing";
		};
/* End PBXNativeTarget section */

/* Begin PBXProject section */
		183A8E81216873B200AFA437 /* Project object */ = {
			isa = PBXProject;
			attributes = {
				LastSwiftUpdateCheck = 0940;
				LastUpgradeCheck = 0940;
				ORGANIZATIONNAME = DayPoster;
				TargetAttributes = {
					183A8E88216873B200AFA437 = {
						CreatedOnToolsVersion = 9.4.1;
					};
					183A8E9F216873B400AFA437 = {
						CreatedOnToolsVersion = 9.4.1;
						TestTargetID = 183A8E88216873B200AFA437;
					};
					183A8EAA216873B400AFA437 = {
						CreatedOnToolsVersion = 9.4.1;
						TestTargetID = 183A8E88216873B200AFA437;
					};
				};
			};
			buildConfigurationList = 183A8E84216873B200AFA437 /* Build configuration list for PBXProject "DownloadImageFromURL" */;
			compatibilityVersion = "Xcode 9.3";
			developmentRegion = en;
			hasScannedForEncodings = 0;
			knownRegions = (
				en,
				Base,
			);
			mainGroup = 183A8E80216873B200AFA437;
			productRefGroup = 183A8E8A216873B200AFA437 /* Products */;
			projectDirPath = "";
			projectRoot = "";
			targets = (
				183A8E88216873B200AFA437 /* DownloadImageFromURL */,
				183A8E9F216873B400AFA437 /* DownloadImageFromURLTests */,
				183A8EAA216873B400AFA437 /* DownloadImageFromURLUITests */,
			);
		};
/* End PBXProject section */

/* Begin PBXResourcesBuildPhase section */
		183A8E87216873B200AFA437 /* Resources */ = {
			isa = PBXResourcesBuildPhase;
			buildActionMask = 2147483647;
			files = (
				183A8E9A216873B400AFA437 /* LaunchScreen.storyboard in Resources */,
				183A8E97216873B400AFA437 /* Assets.xcassets in Resources */,
				183A8E92216873B200AFA437 /* Main.storyboard in Resources */,
			);
			runOnlyForDeploymentPostprocessing = 0;
		};
		183A8E9E216873B400AFA437 /* Resources */ = {
			isa = PBXResourcesBuildPhase;
			buildActionMask = 2147483647;
			files = (
			);
			runOnlyForDeploymentPostprocessing = 0;
		};
		183A8EA9216873B400AFA437 /* Resources */ = {
			isa = PBXResourcesBuildPhase;
			buildActionMask = 2147483647;
			files = (
			);
			runOnlyForDeploymentPostprocessing = 0;
		};
/* End PBXResourcesBuildPhase section */

/* Begin PBXSourcesBuildPhase section */
		183A8E85216873B200AFA437 /* Sources */ = {
			isa = PBXSourcesBuildPhase;
			buildActionMask = 2147483647;
			files = (
				183A8E8F216873B200AFA437 /* ViewController.swift in Sources */,
				183A8E8D216873B200AFA437 /* AppDelegate.swift in Sources */,
				183A8E95216873B200AFA437 /* DownloadImageFromURL.xcdatamodeld in Sources */,
			);
			runOnlyForDeploymentPostprocessing = 0;
		};
		183A8E9C216873B400AFA437 /* Sources */ = {
			isa = PBXSourcesBuildPhase;
			buildActionMask = 2147483647;
			files = (
				183A8EA5216873B400AFA437 /* DownloadImageFromURLTests.swift in Sources */,
			);
			runOnlyForDeploymentPostprocessing = 0;
		};
		183A8EA7216873B400AFA437 /* Sources */ = {
			isa = PBXSourcesBuildPhase;
			buildActionMask = 2147483647;
			files = (
				183A8EB0216873B400AFA437 /* DownloadImageFromURLUITests.swift in Sources */,
			);
			runOnlyForDeploymentPostprocessing = 0;
		};
/* End PBXSourcesBuildPhase section */

/* Begin PBXTargetDependency section */
		183A8EA2216873B400AFA437 /* PBXTargetDependency */ = {
			isa = PBXTargetDependency;
			target = 183A8E88216873B200AFA437 /* DownloadImageFromURL */;
			targetProxy = 183A8EA1216873B400AFA437 /* PBXContainerItemProxy */;
		};
		183A8EAD216873B400AFA437 /* PBXTargetDependency */ = {
			isa = PBXTargetDependency;
			target = 183A8E88216873B200AFA437 /* DownloadImageFromURL */;
			targetProxy = 183A8EAC216873B400AFA437 /* PBXContainerItemProxy */;
		};
/* End PBXTargetDependency section */

/* Begin PBXVariantGroup section */
		183A8E90216873B200AFA437 /* Main.storyboard */ = {
			isa = PBXVariantGroup;
			children = (
				183A8E91216873B200AFA437 /* Base */,
			);
			name = Main.storyboard;
			sourceTree = "<group>";
		};
		183A8E98216873B400AFA437 /* LaunchScreen.storyboard */ = {
			isa = PBXVariantGroup;
			children = (
				183A8E99216873B400AFA437 /* Base */,
			);
			name = LaunchScreen.storyboard;
			sourceTree = "<group>";
		};
/* End PBXVariantGroup section */

/* Begin XCBuildConfiguration section */
		183A8EB2216873B400AFA437 /* Debug */ = {
			isa = XCBuildConfiguration;
			buildSettings = {
				ALWAYS_SEARCH_USER_PATHS = NO;
				CLANG_ANALYZER_NONNULL = YES;
				CLANG_ANALYZER_NUMBER_OBJECT_CONVERSION = YES_AGGRESSIVE;
				CLANG_CXX_LANGUAGE_STANDARD = "gnu++14";
				CLANG_CXX_LIBRARY = "libc++";
				CLANG_ENABLE_MODULES = YES;
				CLANG_ENABLE_OBJC_ARC = YES;
				CLANG_ENABLE_OBJC_WEAK = YES;
				CLANG_WARN_BLOCK_CAPTURE_AUTORELEASING = YES;
				CLANG_WARN_BOOL_CONVERSION = YES;
				CLANG_WARN_COMMA = YES;
				CLANG_WARN_CONSTANT_CONVERSION = YES;
				CLANG_WARN_DEPRECATED_OBJC_IMPLEMENTATIONS = YES;
				CLANG_WARN_DIRECT_OBJC_ISA_USAGE = YES_ERROR;
				CLANG_WARN_DOCUMENTATION_COMMENTS = YES;
				CLANG_WARN_EMPTY_BODY = YES;
				CLANG_WARN_ENUM_CONVERSION = YES;
				CLANG_WARN_INFINITE_RECURSION = YES;
				CLANG_WARN_INT_CONVERSION = YES;
				CLANG_WARN_NON_LITERAL_NULL_CONVERSION = YES;
				CLANG_WARN_OBJC_IMPLICIT_RETAIN_SELF = YES;
				CLANG_WARN_OBJC_LITERAL_CONVERSION = YES;
				CLANG_WARN_OBJC_ROOT_CLASS = YES_ERROR;
				CLANG_WARN_RANGE_LOOP_ANALYSIS = YES;
				CLANG_WARN_STRICT_PROTOTYPES = YES;
				CLANG_WARN_SUSPICIOUS_MOVE = YES;
				CLANG_WARN_UNGUARDED_AVAILABILITY = YES_AGGRESSIVE;
				CLANG_WARN_UNREACHABLE_CODE = YES;
				CLANG_WARN__DUPLICATE_METHOD_MATCH = YES;
				CODE_SIGN_IDENTITY = "iPhone Developer";
				COPY_PHASE_STRIP = NO;
				DEBUG_INFORMATION_FORMAT = dwarf;
				ENABLE_STRICT_OBJC_MSGSEND = YES;
				ENABLE_TESTABILITY = YES;
				GCC_C_LANGUAGE_STANDARD = gnu11;
				GCC_DYNAMIC_NO_PIC = NO;
				GCC_NO_COMMON_BLOCKS = YES;
				GCC_OPTIMIZATION_LEVEL = 0;
				GCC_PREPROCESSOR_DEFINITIONS = (
					"DEBUG=1",
					"$(inherited)",
				);
				GCC_WARN_64_TO_32_BIT_CONVERSION = YES;
				GCC_WARN_ABOUT_RETURN_TYPE = YES_ERROR;
				GCC_WARN_UNDECLARED_SELECTOR = YES;
				GCC_WARN_UNINITIALIZED_AUTOS = YES_AGGRESSIVE;
				GCC_WARN_UNUSED_FUNCTION = YES;
				GCC_WARN_UNUSED_VARIABLE = YES;
				IPHONEOS_DEPLOYMENT_TARGET = 11.4;
				MTL_ENABLE_DEBUG_INFO = YES;
				ONLY_ACTIVE_ARCH = YES;
				SDKROOT = iphoneos;
				SWIFT_ACTIVE_COMPILATION_CONDITIONS = DEBUG;
				SWIFT_OPTIMIZATION_LEVEL = "-Onone";
			};
			name = Debug;
		};
		183A8EB3216873B400AFA437 /* Release */ = {
			isa = XCBuildConfiguration;
			buildSettings = {
				ALWAYS_SEARCH_USER_PATHS = NO;
				CLANG_ANALYZER_NONNULL = YES;
				CLANG_ANALYZER_NUMBER_OBJECT_CONVERSION = YES_AGGRESSIVE;
				CLANG_CXX_LANGUAGE_STANDARD = "gnu++14";
				CLANG_CXX_LIBRARY = "libc++";
				CLANG_ENABLE_MODULES = YES;
				CLANG_ENABLE_OBJC_ARC = YES;
				CLANG_ENABLE_OBJC_WEAK = YES;
				CLANG_WARN_BLOCK_CAPTURE_AUTORELEASING = YES;
				CLANG_WARN_BOOL_CONVERSION = YES;
				CLANG_WARN_COMMA = YES;
				CLANG_WARN_CONSTANT_CONVERSION = YES;
				CLANG_WARN_DEPRECATED_OBJC_IMPLEMENTATIONS = YES;
				CLANG_WARN_DIRECT_OBJC_ISA_USAGE = YES_ERROR;
				CLANG_WARN_DOCUMENTATION_COMMENTS = YES;
				CLANG_WARN_EMPTY_BODY = YES;
				CLANG_WARN_ENUM_CONVERSION = YES;
				CLANG_WARN_INFINITE_RECURSION = YES;
				CLANG_WARN_INT_CONVERSION = YES;
				CLANG_WARN_NON_LITERAL_NULL_CONVERSION = YES;
				CLANG_WARN_OBJC_IMPLICIT_RETAIN_SELF = YES;
				CLANG_WARN_OBJC_LITERAL_CONVERSION = YES;
				CLANG_WARN_OBJC_ROOT_CLASS = YES_ERROR;
				CLANG_WARN_RANGE_LOOP_ANALYSIS = YES;
				CLANG_WARN_STRICT_PROTOTYPES = YES;
				CLANG_WARN_SUSPICIOUS_MOVE = YES;
				CLANG_WARN_UNGUARDED_AVAILABILITY = YES_AGGRESSIVE;
				CLANG_WARN_UNREACHABLE_CODE = YES;
				CLANG_WARN__DUPLICATE_METHOD_MATCH = YES;
				CODE_SIGN_IDENTITY = "iPhone Developer";
				COPY_PHASE_STRIP = NO;
				DEBUG_INFORMATION_FORMAT = "dwarf-with-dsym";
				ENABLE_NS_ASSERTIONS = NO;
				ENABLE_STRICT_OBJC_MSGSEND = YES;
				GCC_C_LANGUAGE_STANDARD = gnu11;
				GCC_NO_COMMON_BLOCKS = YES;
				GCC_WARN_64_TO_32_BIT_CONVERSION = YES;
				GCC_WARN_ABOUT_RETURN_TYPE = YES_ERROR;
				GCC_WARN_UNDECLARED_SELECTOR = YES;
				GCC_WARN_UNINITIALIZED_AUTOS = YES_AGGRESSIVE;
				GCC_WARN_UNUSED_FUNCTION = YES;
				GCC_WARN_UNUSED_VARIABLE = YES;
				IPHONEOS_DEPLOYMENT_TARGET = 11.4;
				MTL_ENABLE_DEBUG_INFO = NO;
				SDKROOT = iphoneos;
				SWIFT_COMPILATION_MODE = wholemodule;
				SWIFT_OPTIMIZATION_LEVEL = "-O";
				VALIDATE_PRODUCT = YES;
			};
			name = Release;
		};
		183A8EB5216873B400AFA437 /* Debug */ = {
			isa = XCBuildConfiguration;
			buildSettings = {
				ASSETCATALOG_COMPILER_APPICON_NAME = AppIcon;
				CODE_SIGN_STYLE = Automatic;
				INFOPLIST_FILE = DownloadImageFromURL/Info.plist;
				LD_RUNPATH_SEARCH_PATHS = (
					"$(inherited)",
					"@executable_path/Frameworks",
				);
				PRODUCT_BUNDLE_IDENTIFIER = com.DayPoster.DownloadImageFromURL;
				PRODUCT_NAME = "$(TARGET_NAME)";
				SWIFT_VERSION = 4.0;
				TARGETED_DEVICE_FAMILY = "1,2";
			};
			name = Debug;
		};
		183A8EB6216873B400AFA437 /* Release */ = {
			isa = XCBuildConfiguration;
			buildSettings = {
				ASSETCATALOG_COMPILER_APPICON_NAME = AppIcon;
				CODE_SIGN_STYLE = Automatic;
				INFOPLIST_FILE = DownloadImageFromURL/Info.plist;
				LD_RUNPATH_SEARCH_PATHS = (
					"$(inherited)",
					"@executable_path/Frameworks",
				);
				PRODUCT_BUNDLE_IDENTIFIER = com.DayPoster.DownloadImageFromURL;
				PRODUCT_NAME = "$(TARGET_NAME)";
				SWIFT_VERSION = 4.0;
				TARGETED_DEVICE_FAMILY = "1,2";
			};
			name = Release;
		};
		183A8EB8216873B400AFA437 /* Debug */ = {
			isa = XCBuildConfiguration;
			buildSettings = {
				ALWAYS_EMBED_SWIFT_STANDARD_LIBRARIES = YES;
				BUNDLE_LOADER = "$(TEST_HOST)";
				CODE_SIGN_STYLE = Automatic;
				INFOPLIST_FILE = DownloadImageFromURLTests/Info.plist;
				LD_RUNPATH_SEARCH_PATHS = (
					"$(inherited)",
					"@executable_path/Frameworks",
					"@loader_path/Frameworks",
				);
				PRODUCT_BUNDLE_IDENTIFIER = com.DayPoster.DownloadImageFromURLTests;
				PRODUCT_NAME = "$(TARGET_NAME)";
				SWIFT_VERSION = 4.0;
				TARGETED_DEVICE_FAMILY = "1,2";
				TEST_HOST = "$(BUILT_PRODUCTS_DIR)/DownloadImageFromURL.app/DownloadImageFromURL";
			};
			name = Debug;
		};
		183A8EB9216873B400AFA437 /* Release */ = {
			isa = XCBuildConfiguration;
			buildSettings = {
				ALWAYS_EMBED_SWIFT_STANDARD_LIBRARIES = YES;
				BUNDLE_LOADER = "$(TEST_HOST)";
				CODE_SIGN_STYLE = Automatic;
				INFOPLIST_FILE = DownloadImageFromURLTests/Info.plist;
				LD_RUNPATH_SEARCH_PATHS = (
					"$(inherited)",
					"@executable_path/Frameworks",
					"@loader_path/Frameworks",
				);
				PRODUCT_BUNDLE_IDENTIFIER = com.DayPoster.DownloadImageFromURLTests;
				PRODUCT_NAME = "$(TARGET_NAME)";
				SWIFT_VERSION = 4.0;
				TARGETED_DEVICE_FAMILY = "1,2";
				TEST_HOST = "$(BUILT_PRODUCTS_DIR)/DownloadImageFromURL.app/DownloadImageFromURL";
			};
			name = Release;
		};
		183A8EBB216873B400AFA437 /* Debug */ = {
			isa = XCBuildConfiguration;
			buildSettings = {
				ALWAYS_EMBED_SWIFT_STANDARD_LIBRARIES = YES;
				CODE_SIGN_STYLE = Automatic;
				INFOPLIST_FILE = DownloadImageFromURLUITests/Info.plist;
				LD_RUNPATH_SEARCH_PATHS = (
					"$(inherited)",
					"@executable_path/Frameworks",
					"@loader_path/Frameworks",
				);
				PRODUCT_BUNDLE_IDENTIFIER = com.DayPoster.DownloadImageFromURLUITests;
				PRODUCT_NAME = "$(TARGET_NAME)";
				SWIFT_VERSION = 4.0;
				TARGETED_DEVICE_FAMILY = "1,2";
				TEST_TARGET_NAME = DownloadImageFromURL;
			};
			name = Debug;
		};
		183A8EBC216873B400AFA437 /* Release */ = {
			isa = XCBuildConfiguration;
			buildSettings = {
				ALWAYS_EMBED_SWIFT_STANDARD_LIBRARIES = YES;
				CODE_SIGN_STYLE = Automatic;
				INFOPLIST_FILE = DownloadImageFromURLUITests/Info.plist;
				LD_RUNPATH_SEARCH_PATHS = (
					"$(inherited)",
					"@executable_path/Frameworks",
					"@loader_path/Frameworks",
				);
				PRODUCT_BUNDLE_IDENTIFIER = com.DayPoster.DownloadImageFromURLUITests;
				PRODUCT_NAME = "$(TARGET_NAME)";
				SWIFT_VERSION = 4.0;
				TARGETED_DEVICE_FAMILY = "1,2";
				TEST_TARGET_NAME = DownloadImageFromURL;
			};
			name = Release;
		};
/* End XCBuildConfiguration section */

/* Begin XCConfigurationList section */
		183A8E84216873B200AFA437 /* Build configuration list for PBXProject "DownloadImageFromURL" */ = {
			isa = XCConfigurationList;
			buildConfigurations = (
				183A8EB2216873B400AFA437 /* Debug */,
				183A8EB3216873B400AFA437 /* Release */,
			);
			defaultConfigurationIsVisible = 0;
			defaultConfigurationName = Release;
		};
		183A8EB4216873B400AFA437 /* Build configuration list for PBXNativeTarget "DownloadImageFromURL" */ = {
			isa = XCConfigurationList;
			buildConfigurations = (
				183A8EB5216873B400AFA437 /* Debug */,
				183A8EB6216873B400AFA437 /* Release */,
			);
			defaultConfigurationIsVisible = 0;
			defaultConfigurationName = Release;
		};
		183A8EB7216873B400AFA437 /* Build configuration list for PBXNativeTarget "DownloadImageFromURLTests" */ = {
			isa = XCConfigurationList;
			buildConfigurations = (
				183A8EB8216873B400AFA437 /* Debug */,
				183A8EB9216873B400AFA437 /* Release */,
			);
			defaultConfigurationIsVisible = 0;
			defaultConfigurationName = Release;
		};
		183A8EBA216873B400AFA437 /* Build configuration list for PBXNativeTarget "DownloadImageFromURLUITests" */ = {
			isa = XCConfigurationList;
			buildConfigurations = (
				183A8EBB216873B400AFA437 /* Debug */,
				183A8EBC216873B400AFA437 /* Release */,
			);
			defaultConfigurationIsVisible = 0;
			defaultConfigurationName = Release;
		};
/* End XCConfigurationList section */

/* Begin XCVersionGroup section */
		183A8E93216873B200AFA437 /* DownloadImageFromURL.xcdatamodeld */ = {
			isa = XCVersionGroup;
			children = (
				183A8E94216873B200AFA437 /* DownloadImageFromURL.xcdatamodel */,
			);
			currentVersion = 183A8E94216873B200AFA437 /* DownloadImageFromURL.xcdatamodel */;
			path = DownloadImageFromURL.xcdatamodeld;
			sourceTree = "<group>";
			versionGroupType = wrapper.xcdatamodel;
		};
/* End XCVersionGroup section */
	};
	rootObject = 183A8E81216873B200AFA437 /* Project object */;
}
